// !$*UTF8*$!
{
	archiveVersion = 1;
	classes = {
	};
	objectVersion = 56;
	objects = {

/* Begin PBXBuildFile section */
		A93F51DA2A46253F00CA3CF7 /* RobotControllerApp.swift in Sources */ = {isa = PBXBuildFile; fileRef = A93F51D92A46253F00CA3CF7 /* RobotControllerApp.swift */; };
		A93F51DC2A46253F00CA3CF7 /* StartupView.swift in Sources */ = {isa = PBXBuildFile; fileRef = A93F51DB2A46253F00CA3CF7 /* StartupView.swift */; };
		A93F51DE2A46254000CA3CF7 /* Assets.xcassets in Resources */ = {isa = PBXBuildFile; fileRef = A93F51DD2A46254000CA3CF7 /* Assets.xcassets */; };
		A93F51E12A46254000CA3CF7 /* Preview Assets.xcassets in Resources */ = {isa = PBXBuildFile; fileRef = A93F51E02A46254000CA3CF7 /* Preview Assets.xcassets */; };
		A93F51E82A46258300CA3CF7 /* Sender.swift in Sources */ = {isa = PBXBuildFile; fileRef = A93F51E72A46258200CA3CF7 /* Sender.swift */; };
		A93F51ED2A46262C00CA3CF7 /* SendCommandView.swift in Sources */ = {isa = PBXBuildFile; fileRef = A93F51EC2A46262C00CA3CF7 /* SendCommandView.swift */; };
		A93F51EF2A490B3D00CA3CF7 /* ConnectView.swift in Sources */ = {isa = PBXBuildFile; fileRef = A93F51EE2A490B3D00CA3CF7 /* ConnectView.swift */; };
		A954C7242A66062E0019DF7F /* CalibrateView.swift in Sources */ = {isa = PBXBuildFile; fileRef = A954C7232A66062E0019DF7F /* CalibrateView.swift */; };
		A954C7262A6606670019DF7F /* DriveView.swift in Sources */ = {isa = PBXBuildFile; fileRef = A954C7252A6606670019DF7F /* DriveView.swift */; };
		A954C7272A68636C0019DF7F /* TitleSaveHStack.swift in Sources */ = {isa = PBXBuildFile; fileRef = A9B7E0102A63A60100C97DC2 /* TitleSaveHStack.swift */; };
/* End PBXBuildFile section */

/* Begin PBXFileReference section */
		A93F51D62A46253F00CA3CF7 /* RobotController.app */ = {isa = PBXFileReference; explicitFileType = wrapper.application; includeInIndex = 0; path = RobotController.app; sourceTree = BUILT_PRODUCTS_DIR; };
		A93F51D92A46253F00CA3CF7 /* RobotControllerApp.swift */ = {isa = PBXFileReference; lastKnownFileType = sourcecode.swift; path = RobotControllerApp.swift; sourceTree = "<group>"; };
		A93F51DB2A46253F00CA3CF7 /* StartupView.swift */ = {isa = PBXFileReference; lastKnownFileType = sourcecode.swift; path = StartupView.swift; sourceTree = "<group>"; };
		A93F51DD2A46254000CA3CF7 /* Assets.xcassets */ = {isa = PBXFileReference; lastKnownFileType = folder.assetcatalog; path = Assets.xcassets; sourceTree = "<group>"; };
		A93F51E02A46254000CA3CF7 /* Preview Assets.xcassets */ = {isa = PBXFileReference; lastKnownFileType = folder.assetcatalog; path = "Preview Assets.xcassets"; sourceTree = "<group>"; };
		A93F51E72A46258200CA3CF7 /* Sender.swift */ = {isa = PBXFileReference; fileEncoding = 4; lastKnownFileType = sourcecode.swift; path = Sender.swift; sourceTree = "<group>"; };
		A93F51EC2A46262C00CA3CF7 /* SendCommandView.swift */ = {isa = PBXFileReference; lastKnownFileType = sourcecode.swift; path = SendCommandView.swift; sourceTree = "<group>"; };
		A93F51EE2A490B3D00CA3CF7 /* ConnectView.swift */ = {isa = PBXFileReference; lastKnownFileType = sourcecode.swift; path = ConnectView.swift; sourceTree = "<group>"; };
		A954C7232A66062E0019DF7F /* CalibrateView.swift */ = {isa = PBXFileReference; lastKnownFileType = sourcecode.swift; path = CalibrateView.swift; sourceTree = "<group>"; };
		A954C7252A6606670019DF7F /* DriveView.swift */ = {isa = PBXFileReference; lastKnownFileType = sourcecode.swift; path = DriveView.swift; sourceTree = "<group>"; };
		A9B7E0102A63A60100C97DC2 /* TitleSaveHStack.swift */ = {isa = PBXFileReference; lastKnownFileType = sourcecode.swift; path = TitleSaveHStack.swift; sourceTree = "<group>"; };
/* End PBXFileReference section */

/* Begin PBXFrameworksBuildPhase section */
		A93F51D32A46253F00CA3CF7 /* Frameworks */ = {
			isa = PBXFrameworksBuildPhase;
			buildActionMask = 2147483647;
			files = (
			);
			runOnlyForDeploymentPostprocessing = 0;
		};
/* End PBXFrameworksBuildPhase section */

/* Begin PBXGroup section */
		A93F51CD2A46253F00CA3CF7 = {
			isa = PBXGroup;
			children = (
				A93F51D82A46253F00CA3CF7 /* RobotController */,
				A93F51D72A46253F00CA3CF7 /* Products */,
			);
			sourceTree = "<group>";
		};
		A93F51D72A46253F00CA3CF7 /* Products */ = {
			isa = PBXGroup;
			children = (
				A93F51D62A46253F00CA3CF7 /* RobotController.app */,
			);
			name = Products;
			sourceTree = "<group>";
		};
		A93F51D82A46253F00CA3CF7 /* RobotController */ = {
			isa = PBXGroup;
			children = (
				A93F51D92A46253F00CA3CF7 /* RobotControllerApp.swift */,
				A93F51EA2A4625B600CA3CF7 /* Utilities */,
				A93F51EB2A4625C800CA3CF7 /* ViewControllers */,
				A93F51DD2A46254000CA3CF7 /* Assets.xcassets */,
				A93F51DF2A46254000CA3CF7 /* Preview Content */,
			);
			path = RobotController;
			sourceTree = "<group>";
		};
		A93F51DF2A46254000CA3CF7 /* Preview Content */ = {
			isa = PBXGroup;
			children = (
				A93F51E02A46254000CA3CF7 /* Preview Assets.xcassets */,
			);
			path = "Preview Content";
			sourceTree = "<group>";
		};
		A93F51EA2A4625B600CA3CF7 /* Utilities */ = {
			isa = PBXGroup;
			children = (
				A93F51E72A46258200CA3CF7 /* Sender.swift */,
				A9B7E0102A63A60100C97DC2 /* TitleSaveHStack.swift */,
			);
			path = Utilities;
			sourceTree = "<group>";
		};
		A93F51EB2A4625C800CA3CF7 /* ViewControllers */ = {
			isa = PBXGroup;
			children = (
				A93F51DB2A46253F00CA3CF7 /* StartupView.swift */,
				A93F51EE2A490B3D00CA3CF7 /* ConnectView.swift */,
				A93F51EC2A46262C00CA3CF7 /* SendCommandView.swift */,
				A954C7232A66062E0019DF7F /* CalibrateView.swift */,
				A954C7252A6606670019DF7F /* DriveView.swift */,
			);
			path = ViewControllers;
			sourceTree = "<group>";
		};
/* End PBXGroup section */

/* Begin PBXNativeTarget section */
		A93F51D52A46253F00CA3CF7 /* RobotController */ = {
			isa = PBXNativeTarget;
			buildConfigurationList = A93F51E42A46254000CA3CF7 /* Build configuration list for PBXNativeTarget "RobotController" */;
			buildPhases = (
				A93F51D22A46253F00CA3CF7 /* Sources */,
				A93F51D32A46253F00CA3CF7 /* Frameworks */,
				A93F51D42A46253F00CA3CF7 /* Resources */,
			);
			buildRules = (
			);
			dependencies = (
			);
			name = RobotController;
			productName = RobotController;
			productReference = A93F51D62A46253F00CA3CF7 /* RobotController.app */;
			productType = "com.apple.product-type.application";
		};
/* End PBXNativeTarget section */

/* Begin PBXProject section */
		A93F51CE2A46253F00CA3CF7 /* Project object */ = {
			isa = PBXProject;
			attributes = {
				BuildIndependentTargetsInParallel = 1;
				LastSwiftUpdateCheck = 1430;
				LastUpgradeCheck = 1430;
				TargetAttributes = {
					A93F51D52A46253F00CA3CF7 = {
						CreatedOnToolsVersion = 14.3.1;
					};
				};
			};
			buildConfigurationList = A93F51D12A46253F00CA3CF7 /* Build configuration list for PBXProject "RobotController" */;
			compatibilityVersion = "Xcode 14.0";
			developmentRegion = en;
			hasScannedForEncodings = 0;
			knownRegions = (
				en,
				Base,
			);
			mainGroup = A93F51CD2A46253F00CA3CF7;
			productRefGroup = A93F51D72A46253F00CA3CF7 /* Products */;
			projectDirPath = "";
			projectRoot = "";
			targets = (
				A93F51D52A46253F00CA3CF7 /* RobotController */,
			);
		};
/* End PBXProject section */

/* Begin PBXResourcesBuildPhase section */
		A93F51D42A46253F00CA3CF7 /* Resources */ = {
			isa = PBXResourcesBuildPhase;
			buildActionMask = 2147483647;
			files = (
				A93F51E12A46254000CA3CF7 /* Preview Assets.xcassets in Resources */,
				A93F51DE2A46254000CA3CF7 /* Assets.xcassets in Resources */,
			);
			runOnlyForDeploymentPostprocessing = 0;
		};
/* End PBXResourcesBuildPhase section */

/* Begin PBXSourcesBuildPhase section */
		A93F51D22A46253F00CA3CF7 /* Sources */ = {
			isa = PBXSourcesBuildPhase;
			buildActionMask = 2147483647;
			files = (
				A93F51DC2A46253F00CA3CF7 /* StartupView.swift in Sources */,
				A93F51ED2A46262C00CA3CF7 /* SendCommandView.swift in Sources */,
				A93F51E82A46258300CA3CF7 /* Sender.swift in Sources */,
				A93F51EF2A490B3D00CA3CF7 /* ConnectView.swift in Sources */,
				A954C7242A66062E0019DF7F /* CalibrateView.swift in Sources */,
				A93F51DA2A46253F00CA3CF7 /* RobotControllerApp.swift in Sources */,
				A954C7262A6606670019DF7F /* DriveView.swift in Sources */,
				A954C7272A68636C0019DF7F /* TitleSaveHStack.swift in Sources */,
			);
			runOnlyForDeploymentPostprocessing = 0;
		};
/* End PBXSourcesBuildPhase section */

/* Begin XCBuildConfiguration section */
		A93F51E22A46254000CA3CF7 /* Debug */ = {
			isa = XCBuildConfiguration;
			buildSettings = {
				ALWAYS_SEARCH_USER_PATHS = NO;
				CLANG_ANALYZER_NONNULL = YES;
				CLANG_ANALYZER_NUMBER_OBJECT_CONVERSION = YES_AGGRESSIVE;
				CLANG_CXX_LANGUAGE_STANDARD = "gnu++20";
				CLANG_ENABLE_MODULES = YES;
				CLANG_ENABLE_OBJC_ARC = YES;
				CLANG_ENABLE_OBJC_WEAK = YES;
				CLANG_WARN_BLOCK_CAPTURE_AUTORELEASING = YES;
				CLANG_WARN_BOOL_CONVERSION = YES;
				CLANG_WARN_COMMA = YES;
				CLANG_WARN_CONSTANT_CONVERSION = YES;
				CLANG_WARN_DEPRECATED_OBJC_IMPLEMENTATIONS = YES;
				CLANG_WARN_DIRECT_OBJC_ISA_USAGE = YES_ERROR;
				CLANG_WARN_DOCUMENTATION_COMMENTS = YES;
				CLANG_WARN_EMPTY_BODY = YES;
				CLANG_WARN_ENUM_CONVERSION = YES;
				CLANG_WARN_INFINITE_RECURSION = YES;
				CLANG_WARN_INT_CONVERSION = YES;
				CLANG_WARN_NON_LITERAL_NULL_CONVERSION = YES;
				CLANG_WARN_OBJC_IMPLICIT_RETAIN_SELF = YES;
				CLANG_WARN_OBJC_LITERAL_CONVERSION = YES;
				CLANG_WARN_OBJC_ROOT_CLASS = YES_ERROR;
				CLANG_WARN_QUOTED_INCLUDE_IN_FRAMEWORK_HEADER = YES;
				CLANG_WARN_RANGE_LOOP_ANALYSIS = YES;
				CLANG_WARN_STRICT_PROTOTYPES = YES;
				CLANG_WARN_SUSPICIOUS_MOVE = YES;
				CLANG_WARN_UNGUARDED_AVAILABILITY = YES_AGGRESSIVE;
				CLANG_WARN_UNREACHABLE_CODE = YES;
				CLANG_WARN__DUPLICATE_METHOD_MATCH = YES;
				COPY_PHASE_STRIP = NO;
				DEBUG_INFORMATION_FORMAT = dwarf;
				ENABLE_STRICT_OBJC_MSGSEND = YES;
				ENABLE_TESTABILITY = YES;
				GCC_C_LANGUAGE_STANDARD = gnu11;
				GCC_DYNAMIC_NO_PIC = NO;
				GCC_NO_COMMON_BLOCKS = YES;
				GCC_OPTIMIZATION_LEVEL = 0;
				GCC_PREPROCESSOR_DEFINITIONS = (
					"DEBUG=1",
					"$(inherited)",
				);
				GCC_WARN_64_TO_32_BIT_CONVERSION = YES;
				GCC_WARN_ABOUT_RETURN_TYPE = YES_ERROR;
				GCC_WARN_UNDECLARED_SELECTOR = YES;
				GCC_WARN_UNINITIALIZED_AUTOS = YES_AGGRESSIVE;
				GCC_WARN_UNUSED_FUNCTION = YES;
				GCC_WARN_UNUSED_VARIABLE = YES;
				IPHONEOS_DEPLOYMENT_TARGET = 16.4;
				MTL_ENABLE_DEBUG_INFO = INCLUDE_SOURCE;
				MTL_FAST_MATH = YES;
				ONLY_ACTIVE_ARCH = YES;
				SDKROOT = iphoneos;
				SWIFT_ACTIVE_COMPILATION_CONDITIONS = DEBUG;
				SWIFT_OPTIMIZATION_LEVEL = "-Onone";
			};
			name = Debug;
		};
		A93F51E32A46254000CA3CF7 /* Release */ = {
			isa = XCBuildConfiguration;
			buildSettings = {
				ALWAYS_SEARCH_USER_PATHS = NO;
				CLANG_ANALYZER_NONNULL = YES;
				CLANG_ANALYZER_NUMBER_OBJECT_CONVERSION = YES_AGGRESSIVE;
				CLANG_CXX_LANGUAGE_STANDARD = "gnu++20";
				CLANG_ENABLE_MODULES = YES;
				CLANG_ENABLE_OBJC_ARC = YES;
				CLANG_ENABLE_OBJC_WEAK = YES;
				CLANG_WARN_BLOCK_CAPTURE_AUTORELEASING = YES;
				CLANG_WARN_BOOL_CONVERSION = YES;
				CLANG_WARN_COMMA = YES;
				CLANG_WARN_CONSTANT_CONVERSION = YES;
				CLANG_WARN_DEPRECATED_OBJC_IMPLEMENTATIONS = YES;
				CLANG_WARN_DIRECT_OBJC_ISA_USAGE = YES_ERROR;
				CLANG_WARN_DOCUMENTATION_COMMENTS = YES;
				CLANG_WARN_EMPTY_BODY = YES;
				CLANG_WARN_ENUM_CONVERSION = YES;
				CLANG_WARN_INFINITE_RECURSION = YES;
				CLANG_WARN_INT_CONVERSION = YES;
				CLANG_WARN_NON_LITERAL_NULL_CONVERSION = YES;
				CLANG_WARN_OBJC_IMPLICIT_RETAIN_SELF = YES;
				CLANG_WARN_OBJC_LITERAL_CONVERSION = YES;
				CLANG_WARN_OBJC_ROOT_CLASS = YES_ERROR;
				CLANG_WARN_QUOTED_INCLUDE_IN_FRAMEWORK_HEADER = YES;
				CLANG_WARN_RANGE_LOOP_ANALYSIS = YES;
				CLANG_WARN_STRICT_PROTOTYPES = YES;
				CLANG_WARN_SUSPICIOUS_MOVE = YES;
				CLANG_WARN_UNGUARDED_AVAILABILITY = YES_AGGRESSIVE;
				CLANG_WARN_UNREACHABLE_CODE = YES;
				CLANG_WARN__DUPLICATE_METHOD_MATCH = YES;
				COPY_PHASE_STRIP = NO;
				DEBUG_INFORMATION_FORMAT = "dwarf-with-dsym";
				ENABLE_NS_ASSERTIONS = NO;
				ENABLE_STRICT_OBJC_MSGSEND = YES;
				GCC_C_LANGUAGE_STANDARD = gnu11;
				GCC_NO_COMMON_BLOCKS = YES;
				GCC_WARN_64_TO_32_BIT_CONVERSION = YES;
				GCC_WARN_ABOUT_RETURN_TYPE = YES_ERROR;
				GCC_WARN_UNDECLARED_SELECTOR = YES;
				GCC_WARN_UNINITIALIZED_AUTOS = YES_AGGRESSIVE;
				GCC_WARN_UNUSED_FUNCTION = YES;
				GCC_WARN_UNUSED_VARIABLE = YES;
				IPHONEOS_DEPLOYMENT_TARGET = 16.4;
				MTL_ENABLE_DEBUG_INFO = NO;
				MTL_FAST_MATH = YES;
				SDKROOT = iphoneos;
				SWIFT_COMPILATION_MODE = wholemodule;
				SWIFT_OPTIMIZATION_LEVEL = "-O";
				VALIDATE_PRODUCT = YES;
			};
			name = Release;
		};
		A93F51E52A46254000CA3CF7 /* Debug */ = {
			isa = XCBuildConfiguration;
			buildSettings = {
				ASSETCATALOG_COMPILER_APPICON_NAME = AppIcon;
				ASSETCATALOG_COMPILER_GLOBAL_ACCENT_COLOR_NAME = AccentColor;
				CODE_SIGN_STYLE = Automatic;
				CURRENT_PROJECT_VERSION = 1;
				DEVELOPMENT_ASSET_PATHS = "\"RobotController/Preview Content\"";
				DEVELOPMENT_TEAM = D84KDEPN2N;
				ENABLE_PREVIEWS = YES;
				GENERATE_INFOPLIST_FILE = YES;
				INFOPLIST_KEY_UIApplicationSceneManifest_Generation = YES;
				INFOPLIST_KEY_UIApplicationSupportsIndirectInputEvents = YES;
				INFOPLIST_KEY_UILaunchScreen_Generation = YES;
				INFOPLIST_KEY_UISupportedInterfaceOrientations_iPad = "UIInterfaceOrientationPortrait UIInterfaceOrientationPortraitUpsideDown UIInterfaceOrientationLandscapeLeft UIInterfaceOrientationLandscapeRight";
				INFOPLIST_KEY_UISupportedInterfaceOrientations_iPhone = "UIInterfaceOrientationPortrait UIInterfaceOrientationLandscapeLeft UIInterfaceOrientationLandscapeRight";
				LD_RUNPATH_SEARCH_PATHS = (
					"$(inherited)",
					"@executable_path/Frameworks",
				);
				MARKETING_VERSION = 1.0;
				PRODUCT_BUNDLE_IDENTIFIER = com.billsnook.test.RobotController;
				PRODUCT_NAME = "$(TARGET_NAME)";
				SWIFT_EMIT_LOC_STRINGS = YES;
				SWIFT_VERSION = 5.0;
				TARGETED_DEVICE_FAMILY = "1,2";
			};
			name = Debug;
		};
		A93F51E62A46254000CA3CF7 /* Release */ = {
			isa = XCBuildConfiguration;
			buildSettings = {
				ASSETCATALOG_COMPILER_APPICON_NAME = AppIcon;
				ASSETCATALOG_COMPILER_GLOBAL_ACCENT_COLOR_NAME = AccentColor;
				CODE_SIGN_STYLE = Automatic;
				CURRENT_PROJECT_VERSION = 1;
				DEVELOPMENT_ASSET_PATHS = "\"RobotController/Preview Content\"";
				DEVELOPMENT_TEAM = D84KDEPN2N;
				ENABLE_PREVIEWS = YES;
				GENERATE_INFOPLIST_FILE = YES;
				INFOPLIST_KEY_UIApplicationSceneManifest_Generation = YES;
				INFOPLIST_KEY_UIApplicationSupportsIndirectInputEvents = YES;
				INFOPLIST_KEY_UILaunchScreen_Generation = YES;
				INFOPLIST_KEY_UISupportedInterfaceOrientations_iPad = "UIInterfaceOrientationPortrait UIInterfaceOrientationPortraitUpsideDown UIInterfaceOrientationLandscapeLeft UIInterfaceOrientationLandscapeRight";
				INFOPLIST_KEY_UISupportedInterfaceOrientations_iPhone = "UIInterfaceOrientationPortrait UIInterfaceOrientationLandscapeLeft UIInterfaceOrientationLandscapeRight";
				LD_RUNPATH_SEARCH_PATHS = (
					"$(inherited)",
					"@executable_path/Frameworks",
				);
				MARKETING_VERSION = 1.0;
				PRODUCT_BUNDLE_IDENTIFIER = com.billsnook.test.RobotController;
				PRODUCT_NAME = "$(TARGET_NAME)";
				SWIFT_EMIT_LOC_STRINGS = YES;
				SWIFT_VERSION = 5.0;
				TARGETED_DEVICE_FAMILY = "1,2";
			};
			name = Release;
		};
/* End XCBuildConfiguration section */

/* Begin XCConfigurationList section */
		A93F51D12A46253F00CA3CF7 /* Build configuration list for PBXProject "RobotController" */ = {
			isa = XCConfigurationList;
			buildConfigurations = (
				A93F51E22A46254000CA3CF7 /* Debug */,
				A93F51E32A46254000CA3CF7 /* Release */,
			);
			defaultConfigurationIsVisible = 0;
			defaultConfigurationName = Release;
		};
		A93F51E42A46254000CA3CF7 /* Build configuration list for PBXNativeTarget "RobotController" */ = {
			isa = XCConfigurationList;
			buildConfigurations = (
				A93F51E52A46254000CA3CF7 /* Debug */,
				A93F51E62A46254000CA3CF7 /* Release */,
			);
			defaultConfigurationIsVisible = 0;
			defaultConfigurationName = Release;
		};
/* End XCConfigurationList section */
	};
	rootObject = A93F51CE2A46253F00CA3CF7 /* Project object */;
}
